
Microsoft Visual Studio Solution File, Format Version 12.00
# Visual Studio Version 17
VisualStudioVersion = 17.3.32929.385
MinimumVisualStudioVersion = 10.0.40219.1
Project("{FAE04EC0-301F-11D3-BF4B-00C04F79EFBC}") = "DPHW2Phone", "DPHW2Phone\DPHW2Phone.csproj", "{9A87F882-8BB5-48C2-A4DB-B3E1FF29577F}"
EndProject
Global
	GlobalSection(SolutionConfigurationPlatforms) = preSolution
		Debug|Any CPU = Debug|Any CPU
		Release|Any CPU = Release|Any CPU
	EndGlobalSection
	GlobalSection(ProjectConfigurationPlatforms) = postSolution
		{9A87F882-8BB5-48C2-A4DB-B3E1FF29577F}.Debug|Any CPU.ActiveCfg = Debug|Any CPU
		{9A87F882-8BB5-48C2-A4DB-B3E1FF29577F}.Debug|Any CPU.Build.0 = Debug|Any CPU
		{9A87F882-8BB5-48C2-A4DB-B3E1FF29577F}.Release|Any CPU.ActiveCfg = Release|Any CPU
		{9A87F882-8BB5-48C2-A4DB-B3E1FF29577F}.Release|Any CPU.Build.0 = Release|Any CPU
	EndGlobalSection
	GlobalSection(SolutionProperties) = preSolution
		HideSolutionNode = FALSE
	EndGlobalSection
	GlobalSection(ExtensibilityGlobals) = postSolution
		SolutionGuid = {641B1C06-50C2-450E-8A0E-F6C13200110F}
	EndGlobalSection
EndGlobal
